
Microsoft Visual Studio Solution File, Format Version 12.00
# Visual Studio Version 17
VisualStudioVersion = 17.14.36414.22 d17.14
MinimumVisualStudioVersion = 10.0.40219.1
Project("{FAE04EC0-301F-11D3-BF4B-00C04F79EFBC}") = "ClinicProject", "ClinicProject\ClinicProject.csproj", "{3F138561-7D95-40D4-8CE5-D2B1738FD4F9}"
EndProject
Global
	GlobalSection(SolutionConfigurationPlatforms) = preSolution
		Debug|Any CPU = Debug|Any CPU
		Release|Any CPU = Release|Any CPU
	EndGlobalSection
	GlobalSection(ProjectConfigurationPlatforms) = postSolution
		{3F138561-7D95-40D4-8CE5-D2B1738FD4F9}.Debug|Any CPU.ActiveCfg = Debug|Any CPU
		{3F138561-7D95-40D4-8CE5-D2B1738FD4F9}.Debug|Any CPU.Build.0 = Debug|Any CPU
		{3F138561-7D95-40D4-8CE5-D2B1738FD4F9}.Release|Any CPU.ActiveCfg = Release|Any CPU
		{3F138561-7D95-40D4-8CE5-D2B1738FD4F9}.Release|Any CPU.Build.0 = Release|Any CPU
	EndGlobalSection
	GlobalSection(SolutionProperties) = preSolution
		HideSolutionNode = FALSE
	EndGlobalSection
	GlobalSection(ExtensibilityGlobals) = postSolution
		SolutionGuid = {CC385DAB-93CD-4CEE-9091-FCEA0D4FEC96}
	EndGlobalSection
EndGlobal
