
Microsoft Visual Studio Solution File, Format Version 12.00
# Visual Studio Version 17
VisualStudioVersion = 17.14.36414.22 d17.14
MinimumVisualStudioVersion = 10.0.40219.1
Project("{FAE04EC0-301F-11D3-BF4B-00C04F79EFBC}") = "TaskMang", "TaskMang\TaskMang.csproj", "{FA8124FF-B332-4257-97AD-C8D0FDC8A55E}"
EndProject
Global
	GlobalSection(SolutionConfigurationPlatforms) = preSolution
		Debug|Any CPU = Debug|Any CPU
		Release|Any CPU = Release|Any CPU
	EndGlobalSection
	GlobalSection(ProjectConfigurationPlatforms) = postSolution
		{FA8124FF-B332-4257-97AD-C8D0FDC8A55E}.Debug|Any CPU.ActiveCfg = Debug|Any CPU
		{FA8124FF-B332-4257-97AD-C8D0FDC8A55E}.Debug|Any CPU.Build.0 = Debug|Any CPU
		{FA8124FF-B332-4257-97AD-C8D0FDC8A55E}.Release|Any CPU.ActiveCfg = Release|Any CPU
		{FA8124FF-B332-4257-97AD-C8D0FDC8A55E}.Release|Any CPU.Build.0 = Release|Any CPU
	EndGlobalSection
	GlobalSection(SolutionProperties) = preSolution
		HideSolutionNode = FALSE
	EndGlobalSection
	GlobalSection(ExtensibilityGlobals) = postSolution
		SolutionGuid = {50B22A2B-30D7-420E-B713-539F3A4E72FD}
	EndGlobalSection
EndGlobal
