
Microsoft Visual Studio Solution File, Format Version 12.00
# Visual Studio Version 17
VisualStudioVersion = 17.14.36414.22 d17.14
MinimumVisualStudioVersion = 10.0.40219.1
Project("{FAE04EC0-301F-11D3-BF4B-00C04F79EFBC}") = "aadharForm", "aadharForm\aadharForm.csproj", "{529B0FDD-2FA7-4CBD-8F65-9B3E7605E03E}"
EndProject
Global
	GlobalSection(SolutionConfigurationPlatforms) = preSolution
		Debug|Any CPU = Debug|Any CPU
		Release|Any CPU = Release|Any CPU
	EndGlobalSection
	GlobalSection(ProjectConfigurationPlatforms) = postSolution
		{529B0FDD-2FA7-4CBD-8F65-9B3E7605E03E}.Debug|Any CPU.ActiveCfg = Debug|Any CPU
		{529B0FDD-2FA7-4CBD-8F65-9B3E7605E03E}.Debug|Any CPU.Build.0 = Debug|Any CPU
		{529B0FDD-2FA7-4CBD-8F65-9B3E7605E03E}.Release|Any CPU.ActiveCfg = Release|Any CPU
		{529B0FDD-2FA7-4CBD-8F65-9B3E7605E03E}.Release|Any CPU.Build.0 = Release|Any CPU
	EndGlobalSection
	GlobalSection(SolutionProperties) = preSolution
		HideSolutionNode = FALSE
	EndGlobalSection
	GlobalSection(ExtensibilityGlobals) = postSolution
		SolutionGuid = {417FE4EC-4337-4D9B-82F6-EF6D2F899904}
	EndGlobalSection
EndGlobal
