
Microsoft Visual Studio Solution File, Format Version 12.00
# Visual Studio Version 17
VisualStudioVersion = 17.14.36414.22 d17.14
MinimumVisualStudioVersion = 10.0.40219.1
Project("{FAE04EC0-301F-11D3-BF4B-00C04F79EFBC}") = "Day2mini", "Day2mini\Day2mini.csproj", "{302BC480-4C01-43A8-92B4-4626711C1549}"
EndProject
Global
	GlobalSection(SolutionConfigurationPlatforms) = preSolution
		Debug|Any CPU = Debug|Any CPU
		Release|Any CPU = Release|Any CPU
	EndGlobalSection
	GlobalSection(ProjectConfigurationPlatforms) = postSolution
		{302BC480-4C01-43A8-92B4-4626711C1549}.Debug|Any CPU.ActiveCfg = Debug|Any CPU
		{302BC480-4C01-43A8-92B4-4626711C1549}.Debug|Any CPU.Build.0 = Debug|Any CPU
		{302BC480-4C01-43A8-92B4-4626711C1549}.Release|Any CPU.ActiveCfg = Release|Any CPU
		{302BC480-4C01-43A8-92B4-4626711C1549}.Release|Any CPU.Build.0 = Release|Any CPU
	EndGlobalSection
	GlobalSection(SolutionProperties) = preSolution
		HideSolutionNode = FALSE
	EndGlobalSection
	GlobalSection(ExtensibilityGlobals) = postSolution
		SolutionGuid = {F75A9C7C-3F15-40AC-ACDE-AB66918968A2}
	EndGlobalSection
EndGlobal
